
Microsoft Visual Studio Solution File, Format Version 12.00
# Visual Studio Version 17
VisualStudioVersion = 17.5.002.0
MinimumVisualStudioVersion = 10.0.40219.1
Project("{2150E333-8FDC-42A3-9474-1A3956D46DE8}") = "src", "src", "{95C03C3D-0AD4-4E76-93C3-5A91321C77DF}"
EndProject
Project("{9A19103F-16F7-4668-BE54-9A1E7A4F7556}") = "Play.Common", "src\Play.Common\Play.Common.csproj", "{54EC7F46-40BB-4E21-9A68-AF3BE191940A}"
EndProject
Global
	GlobalSection(SolutionConfigurationPlatforms) = preSolution
		Debug|Any CPU = Debug|Any CPU
		Release|Any CPU = Release|Any CPU
	EndGlobalSection
	GlobalSection(ProjectConfigurationPlatforms) = postSolution
		{54EC7F46-40BB-4E21-9A68-AF3BE191940A}.Debug|Any CPU.ActiveCfg = Debug|Any CPU
		{54EC7F46-40BB-4E21-9A68-AF3BE191940A}.Debug|Any CPU.Build.0 = Debug|Any CPU
		{54EC7F46-40BB-4E21-9A68-AF3BE191940A}.Release|Any CPU.ActiveCfg = Release|Any CPU
		{54EC7F46-40BB-4E21-9A68-AF3BE191940A}.Release|Any CPU.Build.0 = Release|Any CPU
	EndGlobalSection
	GlobalSection(SolutionProperties) = preSolution
		HideSolutionNode = FALSE
	EndGlobalSection
	GlobalSection(NestedProjects) = preSolution
		{54EC7F46-40BB-4E21-9A68-AF3BE191940A} = {95C03C3D-0AD4-4E76-93C3-5A91321C77DF}
	EndGlobalSection
	GlobalSection(ExtensibilityGlobals) = postSolution
		SolutionGuid = {56CE187C-C85E-447A-A9AB-93842E993309}
	EndGlobalSection
EndGlobal
